
Microsoft Visual Studio Solution File, Format Version 12.00
# Visual Studio Version 17
VisualStudioVersion = 17.3.32901.215
MinimumVisualStudioVersion = 10.0.40219.1
Project("{9A19103F-16F7-4668-BE54-9A1E7A4F7556}") = "02_Operators_and_Methods", "02_Operators_and_Methods\02_Operators_and_Methods.csproj", "{A139A5EC-EE43-4AFA-B387-E3CB6C569A46}"
EndProject
Project("{FAE04EC0-301F-11D3-BF4B-00C04F79EFBC}") = "03_Classes", "03_Classes\03_Classes.csproj", "{2BFD5714-F0A3-4F24-A3C2-45724F734344}"
EndProject
Global
	GlobalSection(SolutionConfigurationPlatforms) = preSolution
		Debug|Any CPU = Debug|Any CPU
		Release|Any CPU = Release|Any CPU
	EndGlobalSection
	GlobalSection(ProjectConfigurationPlatforms) = postSolution
		{A139A5EC-EE43-4AFA-B387-E3CB6C569A46}.Debug|Any CPU.ActiveCfg = Debug|Any CPU
		{A139A5EC-EE43-4AFA-B387-E3CB6C569A46}.Debug|Any CPU.Build.0 = Debug|Any CPU
		{A139A5EC-EE43-4AFA-B387-E3CB6C569A46}.Release|Any CPU.ActiveCfg = Release|Any CPU
		{A139A5EC-EE43-4AFA-B387-E3CB6C569A46}.Release|Any CPU.Build.0 = Release|Any CPU
		{2BFD5714-F0A3-4F24-A3C2-45724F734344}.Debug|Any CPU.ActiveCfg = Debug|Any CPU
		{2BFD5714-F0A3-4F24-A3C2-45724F734344}.Debug|Any CPU.Build.0 = Debug|Any CPU
		{2BFD5714-F0A3-4F24-A3C2-45724F734344}.Release|Any CPU.ActiveCfg = Release|Any CPU
		{2BFD5714-F0A3-4F24-A3C2-45724F734344}.Release|Any CPU.Build.0 = Release|Any CPU
	EndGlobalSection
	GlobalSection(SolutionProperties) = preSolution
		HideSolutionNode = FALSE
	EndGlobalSection
	GlobalSection(ExtensibilityGlobals) = postSolution
		SolutionGuid = {C3EB9022-C53C-4066-A7AB-7F4907CF9607}
	EndGlobalSection
EndGlobal
